// !$*UTF8*$!
{
	archiveVersion = 1;
	classes = {
	};
	objectVersion = 46;
	objects = {

/* Begin PBXBuildFile section */
		CC4808EB1CA894FA00B1EBE9 /* main.cpp in Sources */ = {isa = PBXBuildFile; fileRef = CC4808EA1CA894FA00B1EBE9 /* main.cpp */; };
		CC4808F31CA895BA00B1EBE9 /* GLUT.framework in Frameworks */ = {isa = PBXBuildFile; fileRef = CC4808F11CA895BA00B1EBE9 /* GLUT.framework */; };
		CC4808F41CA895BA00B1EBE9 /* OpenGL.framework in Frameworks */ = {isa = PBXBuildFile; fileRef = CC4808F21CA895BA00B1EBE9 /* OpenGL.framework */; };
		CC5BA4191DD926F40025CCFB /* Quat.cpp in Sources */ = {isa = PBXBuildFile; fileRef = CC5BA4181DD926F40025CCFB /* Quat.cpp */; };
		CC636CC41D04C2E600AD10D8 /* Tut1.cpp in Sources */ = {isa = PBXBuildFile; fileRef = CC636CC31D04C2E600AD10D8 /* Tut1.cpp */; };
		CC636CC71D04CA5F00AD10D8 /* Tut2.cpp in Sources */ = {isa = PBXBuildFile; fileRef = CC636CC51D04CA5F00AD10D8 /* Tut2.cpp */; };
		CC8C794D1E19AE7000C6F41A /* ApplicationServices.framework in Frameworks */ = {isa = PBXBuildFile; fileRef = CC8C794C1E19AE7000C6F41A /* ApplicationServices.framework */; };
		CC94E4571D0DFAAC0017CAF8 /* Tut3.cpp in Sources */ = {isa = PBXBuildFile; fileRef = CC94E4561D0DFAAC0017CAF8 /* Tut3.cpp */; };
		CC94E45A1D0DFECE0017CAF8 /* Tut4.cpp in Sources */ = {isa = PBXBuildFile; fileRef = CC94E4591D0DFECE0017CAF8 /* Tut4.cpp */; };
		CC94E45D1D0E04530017CAF8 /* Tut5.cpp in Sources */ = {isa = PBXBuildFile; fileRef = CC94E45C1D0E04530017CAF8 /* Tut5.cpp */; };
		CCA7E8361D736AC700E3E657 /* Matrix3x3.cpp in Sources */ = {isa = PBXBuildFile; fileRef = CCA7E8351D736AC700E3E657 /* Matrix3x3.cpp */; };
		CCD236FD1D1714910038459F /* Tut.cpp in Sources */ = {isa = PBXBuildFile; fileRef = CCD236FC1D1714910038459F /* Tut.cpp */; };
		CCD237001D1715980038459F /* Matrix4x4.cpp in Sources */ = {isa = PBXBuildFile; fileRef = CCD236FF1D1715980038459F /* Matrix4x4.cpp */; };
		CCF78DC61E187FE10041EA8A /* Camera.cpp in Sources */ = {isa = PBXBuildFile; fileRef = CCF78DC51E187FE10041EA8A /* Camera.cpp */; };
/* End PBXBuildFile section */

/* Begin PBXCopyFilesBuildPhase section */
		CC4808E51CA894FA00B1EBE9 /* CopyFiles */ = {
			isa = PBXCopyFilesBuildPhase;
			buildActionMask = 2147483647;
			dstPath = /usr/share/man/man1/;
			dstSubfolderSpec = 0;
			files = (
			);
			runOnlyForDeploymentPostprocessing = 1;
		};
/* End PBXCopyFilesBuildPhase section */

/* Begin PBXFileReference section */
		CC4808E71CA894FA00B1EBE9 /* GLTutorial1 */ = {isa = PBXFileReference; explicitFileType = "compiled.mach-o.executable"; includeInIndex = 0; path = GLTutorial1; sourceTree = BUILT_PRODUCTS_DIR; };
		CC4808EA1CA894FA00B1EBE9 /* main.cpp */ = {isa = PBXFileReference; lastKnownFileType = sourcecode.cpp.cpp; path = main.cpp; sourceTree = "<group>"; };
		CC4808F11CA895BA00B1EBE9 /* GLUT.framework */ = {isa = PBXFileReference; lastKnownFileType = wrapper.framework; name = GLUT.framework; path = System/Library/Frameworks/GLUT.framework; sourceTree = SDKROOT; };
		CC4808F21CA895BA00B1EBE9 /* OpenGL.framework */ = {isa = PBXFileReference; lastKnownFileType = wrapper.framework; name = OpenGL.framework; path = System/Library/Frameworks/OpenGL.framework; sourceTree = SDKROOT; };
		CC5BA4171DD926DF0025CCFB /* Quat.h */ = {isa = PBXFileReference; lastKnownFileType = sourcecode.c.h; path = Quat.h; sourceTree = "<group>"; };
		CC5BA4181DD926F40025CCFB /* Quat.cpp */ = {isa = PBXFileReference; fileEncoding = 4; lastKnownFileType = sourcecode.cpp.cpp; path = Quat.cpp; sourceTree = "<group>"; };
		CC636CC21D04C20B00AD10D8 /* Tut1.h */ = {isa = PBXFileReference; lastKnownFileType = sourcecode.c.h; path = Tut1.h; sourceTree = "<group>"; };
		CC636CC31D04C2E600AD10D8 /* Tut1.cpp */ = {isa = PBXFileReference; fileEncoding = 4; lastKnownFileType = sourcecode.cpp.cpp; path = Tut1.cpp; sourceTree = "<group>"; };
		CC636CC51D04CA5F00AD10D8 /* Tut2.cpp */ = {isa = PBXFileReference; fileEncoding = 4; lastKnownFileType = sourcecode.cpp.cpp; path = Tut2.cpp; sourceTree = "<group>"; };
		CC636CC61D04CA5F00AD10D8 /* Tut2.h */ = {isa = PBXFileReference; fileEncoding = 4; lastKnownFileType = sourcecode.c.h; path = Tut2.h; sourceTree = "<group>"; };
		CC636CC81D04CC5500AD10D8 /* Vec3.h */ = {isa = PBXFileReference; lastKnownFileType = sourcecode.c.h; path = Vec3.h; sourceTree = "<group>"; };
		CC8C794B1E19A16E00C6F41A /* rrgl.h */ = {isa = PBXFileReference; lastKnownFileType = sourcecode.c.h; path = rrgl.h; sourceTree = "<group>"; };
		CC8C794C1E19AE7000C6F41A /* ApplicationServices.framework */ = {isa = PBXFileReference; lastKnownFileType = wrapper.framework; name = ApplicationServices.framework; path = System/Library/Frameworks/ApplicationServices.framework; sourceTree = SDKROOT; };
		CC94E4551D0DFA940017CAF8 /* Tut3.h */ = {isa = PBXFileReference; lastKnownFileType = sourcecode.c.h; path = Tut3.h; sourceTree = "<group>"; };
		CC94E4561D0DFAAC0017CAF8 /* Tut3.cpp */ = {isa = PBXFileReference; fileEncoding = 4; lastKnownFileType = sourcecode.cpp.cpp; path = Tut3.cpp; sourceTree = "<group>"; };
		CC94E4581D0DFEBC0017CAF8 /* Tut4.h */ = {isa = PBXFileReference; lastKnownFileType = sourcecode.c.h; path = Tut4.h; sourceTree = "<group>"; };
		CC94E4591D0DFECE0017CAF8 /* Tut4.cpp */ = {isa = PBXFileReference; fileEncoding = 4; lastKnownFileType = sourcecode.cpp.cpp; path = Tut4.cpp; sourceTree = "<group>"; };
		CC94E45B1D0E04440017CAF8 /* Tut5.h */ = {isa = PBXFileReference; lastKnownFileType = sourcecode.c.h; path = Tut5.h; sourceTree = "<group>"; };
		CC94E45C1D0E04530017CAF8 /* Tut5.cpp */ = {isa = PBXFileReference; fileEncoding = 4; lastKnownFileType = sourcecode.cpp.cpp; path = Tut5.cpp; sourceTree = "<group>"; };
		CCA7E8341D736A6800E3E657 /* Matrix3x3.h */ = {isa = PBXFileReference; lastKnownFileType = sourcecode.c.h; path = Matrix3x3.h; sourceTree = "<group>"; };
		CCA7E8351D736AC700E3E657 /* Matrix3x3.cpp */ = {isa = PBXFileReference; fileEncoding = 4; lastKnownFileType = sourcecode.cpp.cpp; path = Matrix3x3.cpp; sourceTree = "<group>"; };
		CCD236FB1D1714820038459F /* Tut.h */ = {isa = PBXFileReference; lastKnownFileType = sourcecode.c.h; path = Tut.h; sourceTree = "<group>"; };
		CCD236FC1D1714910038459F /* Tut.cpp */ = {isa = PBXFileReference; fileEncoding = 4; lastKnownFileType = sourcecode.cpp.cpp; path = Tut.cpp; sourceTree = "<group>"; };
		CCD236FE1D1715850038459F /* Matrix4x4.h */ = {isa = PBXFileReference; lastKnownFileType = sourcecode.c.h; path = Matrix4x4.h; sourceTree = "<group>"; };
		CCD236FF1D1715980038459F /* Matrix4x4.cpp */ = {isa = PBXFileReference; fileEncoding = 4; lastKnownFileType = sourcecode.cpp.cpp; path = Matrix4x4.cpp; sourceTree = "<group>"; };
		CCF78DC41E187FC90041EA8A /* Camera.h */ = {isa = PBXFileReference; lastKnownFileType = sourcecode.c.h; path = Camera.h; sourceTree = "<group>"; };
		CCF78DC51E187FE10041EA8A /* Camera.cpp */ = {isa = PBXFileReference; fileEncoding = 4; lastKnownFileType = sourcecode.cpp.cpp; path = Camera.cpp; sourceTree = "<group>"; };
/* End PBXFileReference section */

/* Begin PBXFrameworksBuildPhase section */
		CC4808E41CA894FA00B1EBE9 /* Frameworks */ = {
			isa = PBXFrameworksBuildPhase;
			buildActionMask = 2147483647;
			files = (
				CC8C794D1E19AE7000C6F41A /* ApplicationServices.framework in Frameworks */,
				CC4808F31CA895BA00B1EBE9 /* GLUT.framework in Frameworks */,
				CC4808F41CA895BA00B1EBE9 /* OpenGL.framework in Frameworks */,
			);
			runOnlyForDeploymentPostprocessing = 0;
		};
/* End PBXFrameworksBuildPhase section */

/* Begin PBXGroup section */
		CC4808DE1CA894FA00B1EBE9 = {
			isa = PBXGroup;
			children = (
				CC8C794C1E19AE7000C6F41A /* ApplicationServices.framework */,
				CC4808F11CA895BA00B1EBE9 /* GLUT.framework */,
				CC4808F21CA895BA00B1EBE9 /* OpenGL.framework */,
				CC4808E91CA894FA00B1EBE9 /* GLTutorial1 */,
				CC4808E81CA894FA00B1EBE9 /* Products */,
			);
			sourceTree = "<group>";
		};
		CC4808E81CA894FA00B1EBE9 /* Products */ = {
			isa = PBXGroup;
			children = (
				CC4808E71CA894FA00B1EBE9 /* GLTutorial1 */,
			);
			name = Products;
			sourceTree = "<group>";
		};
		CC4808E91CA894FA00B1EBE9 /* GLTutorial1 */ = {
			isa = PBXGroup;
			children = (
				CC4808EA1CA894FA00B1EBE9 /* main.cpp */,
				CCF78DC41E187FC90041EA8A /* Camera.h */,
				CCF78DC51E187FE10041EA8A /* Camera.cpp */,
				CC8C794B1E19A16E00C6F41A /* rrgl.h */,
				CC636CC81D04CC5500AD10D8 /* Vec3.h */,
				CC636CC51D04CA5F00AD10D8 /* Tut2.cpp */,
				CC94E4551D0DFA940017CAF8 /* Tut3.h */,
				CC94E4561D0DFAAC0017CAF8 /* Tut3.cpp */,
				CC94E4581D0DFEBC0017CAF8 /* Tut4.h */,
				CC94E4591D0DFECE0017CAF8 /* Tut4.cpp */,
				CC94E45B1D0E04440017CAF8 /* Tut5.h */,
				CC94E45C1D0E04530017CAF8 /* Tut5.cpp */,
				CC636CC61D04CA5F00AD10D8 /* Tut2.h */,
				CC636CC21D04C20B00AD10D8 /* Tut1.h */,
				CC636CC31D04C2E600AD10D8 /* Tut1.cpp */,
				CCD236FB1D1714820038459F /* Tut.h */,
				CCD236FE1D1715850038459F /* Matrix4x4.h */,
				CCA7E8341D736A6800E3E657 /* Matrix3x3.h */,
				CCA7E8351D736AC700E3E657 /* Matrix3x3.cpp */,
				CCD236FF1D1715980038459F /* Matrix4x4.cpp */,
				CCD236FC1D1714910038459F /* Tut.cpp */,
				CC5BA4171DD926DF0025CCFB /* Quat.h */,
				CC5BA4181DD926F40025CCFB /* Quat.cpp */,
			);
			path = GLTutorial1;
			sourceTree = "<group>";
		};
/* End PBXGroup section */

/* Begin PBXNativeTarget section */
		CC4808E61CA894FA00B1EBE9 /* GLTutorial1 */ = {
			isa = PBXNativeTarget;
			buildConfigurationList = CC4808EE1CA894FA00B1EBE9 /* Build configuration list for PBXNativeTarget "GLTutorial1" */;
			buildPhases = (
				CC4808E31CA894FA00B1EBE9 /* Sources */,
				CC4808E41CA894FA00B1EBE9 /* Frameworks */,
				CC4808E51CA894FA00B1EBE9 /* CopyFiles */,
			);
			buildRules = (
			);
			dependencies = (
			);
			name = GLTutorial1;
			productName = GLTutorial1;
			productReference = CC4808E71CA894FA00B1EBE9 /* GLTutorial1 */;
			productType = "com.apple.product-type.tool";
		};
/* End PBXNativeTarget section */

/* Begin PBXProject section */
		CC4808DF1CA894FA00B1EBE9 /* Project object */ = {
			isa = PBXProject;
			attributes = {
				LastUpgradeCheck = 0720;
				ORGANIZATIONNAME = "Rachel Radeztsky";
				TargetAttributes = {
					CC4808E61CA894FA00B1EBE9 = {
						CreatedOnToolsVersion = 7.2;
					};
				};
			};
			buildConfigurationList = CC4808E21CA894FA00B1EBE9 /* Build configuration list for PBXProject "GLTutorial1" */;
			compatibilityVersion = "Xcode 3.2";
			developmentRegion = English;
			hasScannedForEncodings = 0;
			knownRegions = (
				en,
			);
			mainGroup = CC4808DE1CA894FA00B1EBE9;
			productRefGroup = CC4808E81CA894FA00B1EBE9 /* Products */;
			projectDirPath = "";
			projectRoot = "";
			targets = (
				CC4808E61CA894FA00B1EBE9 /* GLTutorial1 */,
			);
		};
/* End PBXProject section */

/* Begin PBXSourcesBuildPhase section */
		CC4808E31CA894FA00B1EBE9 /* Sources */ = {
			isa = PBXSourcesBuildPhase;
			buildActionMask = 2147483647;
			files = (
				CC636CC71D04CA5F00AD10D8 /* Tut2.cpp in Sources */,
				CC94E4571D0DFAAC0017CAF8 /* Tut3.cpp in Sources */,
				CCA7E8361D736AC700E3E657 /* Matrix3x3.cpp in Sources */,
				CC4808EB1CA894FA00B1EBE9 /* main.cpp in Sources */,
				CCF78DC61E187FE10041EA8A /* Camera.cpp in Sources */,
				CC5BA4191DD926F40025CCFB /* Quat.cpp in Sources */,
				CCD237001D1715980038459F /* Matrix4x4.cpp in Sources */,
				CC94E45D1D0E04530017CAF8 /* Tut5.cpp in Sources */,
				CC636CC41D04C2E600AD10D8 /* Tut1.cpp in Sources */,
				CC94E45A1D0DFECE0017CAF8 /* Tut4.cpp in Sources */,
				CCD236FD1D1714910038459F /* Tut.cpp in Sources */,
			);
			runOnlyForDeploymentPostprocessing = 0;
		};
/* End PBXSourcesBuildPhase section */

/* Begin XCBuildConfiguration section */
		CC4808EC1CA894FA00B1EBE9 /* Debug */ = {
			isa = XCBuildConfiguration;
			buildSettings = {
				ALWAYS_SEARCH_USER_PATHS = NO;
				CLANG_CXX_LANGUAGE_STANDARD = "gnu++0x";
				CLANG_CXX_LIBRARY = "libc++";
				CLANG_ENABLE_MODULES = YES;
				CLANG_ENABLE_OBJC_ARC = YES;
				CLANG_WARN_BOOL_CONVERSION = YES;
				CLANG_WARN_CONSTANT_CONVERSION = YES;
				CLANG_WARN_DIRECT_OBJC_ISA_USAGE = YES_ERROR;
				CLANG_WARN_EMPTY_BODY = YES;
				CLANG_WARN_ENUM_CONVERSION = YES;
				CLANG_WARN_INT_CONVERSION = YES;
				CLANG_WARN_OBJC_ROOT_CLASS = YES_ERROR;
				CLANG_WARN_UNREACHABLE_CODE = YES;
				CLANG_WARN__DUPLICATE_METHOD_MATCH = YES;
				CODE_SIGN_IDENTITY = "-";
				COPY_PHASE_STRIP = NO;
				DEBUG_INFORMATION_FORMAT = dwarf;
				ENABLE_STRICT_OBJC_MSGSEND = YES;
				ENABLE_TESTABILITY = YES;
				GCC_C_LANGUAGE_STANDARD = gnu99;
				GCC_DYNAMIC_NO_PIC = NO;
				GCC_NO_COMMON_BLOCKS = YES;
				GCC_OPTIMIZATION_LEVEL = 0;
				GCC_PREPROCESSOR_DEFINITIONS = "";
				GCC_WARN_64_TO_32_BIT_CONVERSION = YES;
				GCC_WARN_ABOUT_RETURN_TYPE = YES_ERROR;
				GCC_WARN_UNDECLARED_SELECTOR = YES;
				GCC_WARN_UNINITIALIZED_AUTOS = YES_AGGRESSIVE;
				GCC_WARN_UNUSED_FUNCTION = YES;
				GCC_WARN_UNUSED_VARIABLE = YES;
				MACOSX_DEPLOYMENT_TARGET = 10.11;
				MTL_ENABLE_DEBUG_INFO = YES;
				ONLY_ACTIVE_ARCH = YES;
				SDKROOT = macosx;
				WARNING_CFLAGS = "-Wno-deprecated-declarations";
			};
			name = Debug;
		};
		CC4808ED1CA894FA00B1EBE9 /* Release */ = {
			isa = XCBuildConfiguration;
			buildSettings = {
				ALWAYS_SEARCH_USER_PATHS = NO;
				CLANG_CXX_LANGUAGE_STANDARD = "gnu++0x";
				CLANG_CXX_LIBRARY = "libc++";
				CLANG_ENABLE_MODULES = YES;
				CLANG_ENABLE_OBJC_ARC = YES;
				CLANG_WARN_BOOL_CONVERSION = YES;
				CLANG_WARN_CONSTANT_CONVERSION = YES;
				CLANG_WARN_DIRECT_OBJC_ISA_USAGE = YES_ERROR;
				CLANG_WARN_EMPTY_BODY = YES;
				CLANG_WARN_ENUM_CONVERSION = YES;
				CLANG_WARN_INT_CONVERSION = YES;
				CLANG_WARN_OBJC_ROOT_CLASS = YES_ERROR;
				CLANG_WARN_UNREACHABLE_CODE = YES;
				CLANG_WARN__DUPLICATE_METHOD_MATCH = YES;
				CODE_SIGN_IDENTITY = "-";
				COPY_PHASE_STRIP = NO;
				DEBUG_INFORMATION_FORMAT = "dwarf-with-dsym";
				ENABLE_NS_ASSERTIONS = NO;
				ENABLE_STRICT_OBJC_MSGSEND = YES;
				GCC_C_LANGUAGE_STANDARD = gnu99;
				GCC_NO_COMMON_BLOCKS = YES;
				GCC_PREPROCESSOR_DEFINITIONS = "";
				GCC_WARN_64_TO_32_BIT_CONVERSION = YES;
				GCC_WARN_ABOUT_RETURN_TYPE = YES_ERROR;
				GCC_WARN_UNDECLARED_SELECTOR = YES;
				GCC_WARN_UNINITIALIZED_AUTOS = YES_AGGRESSIVE;
				GCC_WARN_UNUSED_FUNCTION = YES;
				GCC_WARN_UNUSED_VARIABLE = YES;
				MACOSX_DEPLOYMENT_TARGET = 10.11;
				MTL_ENABLE_DEBUG_INFO = NO;
				SDKROOT = macosx;
				WARNING_CFLAGS = "-Wno-deprecated-declarations";
			};
			name = Release;
		};
		CC4808EF1CA894FA00B1EBE9 /* Debug */ = {
			isa = XCBuildConfiguration;
			buildSettings = {
				PRODUCT_NAME = "$(TARGET_NAME)";
			};
			name = Debug;
		};
		CC4808F01CA894FA00B1EBE9 /* Release */ = {
			isa = XCBuildConfiguration;
			buildSettings = {
				PRODUCT_NAME = "$(TARGET_NAME)";
			};
			name = Release;
		};
/* End XCBuildConfiguration section */

/* Begin XCConfigurationList section */
		CC4808E21CA894FA00B1EBE9 /* Build configuration list for PBXProject "GLTutorial1" */ = {
			isa = XCConfigurationList;
			buildConfigurations = (
				CC4808EC1CA894FA00B1EBE9 /* Debug */,
				CC4808ED1CA894FA00B1EBE9 /* Release */,
			);
			defaultConfigurationIsVisible = 0;
			defaultConfigurationName = Release;
		};
		CC4808EE1CA894FA00B1EBE9 /* Build configuration list for PBXNativeTarget "GLTutorial1" */ = {
			isa = XCConfigurationList;
			buildConfigurations = (
				CC4808EF1CA894FA00B1EBE9 /* Debug */,
				CC4808F01CA894FA00B1EBE9 /* Release */,
			);
			defaultConfigurationIsVisible = 0;
			defaultConfigurationName = Release;
		};
/* End XCConfigurationList section */
	};
	rootObject = CC4808DF1CA894FA00B1EBE9 /* Project object */;
}
